
Microsoft Visual Studio Solution File, Format Version 12.00
# Visual Studio 14
VisualStudioVersion = 14.0.25420.1
MinimumVisualStudioVersion = 10.0.40219.1
Project("{FAE04EC0-301F-11D3-BF4B-00C04F79EFBC}") = "MvcConvertFile", "MvcConvertFile\MvcConvertFile.csproj", "{5A311443-D4BA-4B88-ABFA-52E9F3D903CA}"
EndProject
Project("{FAE04EC0-301F-11D3-BF4B-00C04F79EFBC}") = "ConvertFileNegocio", "ConvertFileNegocio\ConvertFileNegocio.csproj", "{786B481E-D3E9-42EF-8F27-30DE2705B870}"
EndProject
Global
	GlobalSection(SolutionConfigurationPlatforms) = preSolution
		Debug|Any CPU = Debug|Any CPU
		Release|Any CPU = Release|Any CPU
	EndGlobalSection
	GlobalSection(ProjectConfigurationPlatforms) = postSolution
		{5A311443-D4BA-4B88-ABFA-52E9F3D903CA}.Debug|Any CPU.ActiveCfg = Debug|Any CPU
		{5A311443-D4BA-4B88-ABFA-52E9F3D903CA}.Debug|Any CPU.Build.0 = Debug|Any CPU
		{5A311443-D4BA-4B88-ABFA-52E9F3D903CA}.Release|Any CPU.ActiveCfg = Release|Any CPU
		{5A311443-D4BA-4B88-ABFA-52E9F3D903CA}.Release|Any CPU.Build.0 = Release|Any CPU
		{786B481E-D3E9-42EF-8F27-30DE2705B870}.Debug|Any CPU.ActiveCfg = Debug|Any CPU
		{786B481E-D3E9-42EF-8F27-30DE2705B870}.Debug|Any CPU.Build.0 = Debug|Any CPU
		{786B481E-D3E9-42EF-8F27-30DE2705B870}.Release|Any CPU.ActiveCfg = Release|Any CPU
		{786B481E-D3E9-42EF-8F27-30DE2705B870}.Release|Any CPU.Build.0 = Release|Any CPU
	EndGlobalSection
	GlobalSection(SolutionProperties) = preSolution
		HideSolutionNode = FALSE
	EndGlobalSection
EndGlobal
